
Microsoft Visual Studio Solution File, Format Version 12.00
# Visual Studio 15
VisualStudioVersion = 15.0.28307.489
MinimumVisualStudioVersion = 10.0.40219.1
Project("{FAE04EC0-301F-11D3-BF4B-00C04F79EFBC}") = "DogWalkerAgain", "DogWalkerAgain\DogWalkerAgain.csproj", "{412D33F2-CCC6-49B8-A712-FC8812879C16}"
EndProject
Global
	GlobalSection(SolutionConfigurationPlatforms) = preSolution
		Debug|Any CPU = Debug|Any CPU
		Release|Any CPU = Release|Any CPU
	EndGlobalSection
	GlobalSection(ProjectConfigurationPlatforms) = postSolution
		{412D33F2-CCC6-49B8-A712-FC8812879C16}.Debug|Any CPU.ActiveCfg = Debug|Any CPU
		{412D33F2-CCC6-49B8-A712-FC8812879C16}.Debug|Any CPU.Build.0 = Debug|Any CPU
		{412D33F2-CCC6-49B8-A712-FC8812879C16}.Release|Any CPU.ActiveCfg = Release|Any CPU
		{412D33F2-CCC6-49B8-A712-FC8812879C16}.Release|Any CPU.Build.0 = Release|Any CPU
	EndGlobalSection
	GlobalSection(SolutionProperties) = preSolution
		HideSolutionNode = FALSE
	EndGlobalSection
	GlobalSection(ExtensibilityGlobals) = postSolution
		SolutionGuid = {665E0FCE-0CCD-46D4-8D7F-6DE512274EFD}
	EndGlobalSection
EndGlobal
